
Microsoft Visual Studio Solution File, Format Version 12.00
# Visual Studio Version 17
VisualStudioVersion = 17.6.33829.357
MinimumVisualStudioVersion = 10.0.40219.1
Project("{FAE04EC0-301F-11D3-BF4B-00C04F79EFBC}") = "MWS_app", "MWS_app\MWS_app.csproj", "{FAAC614F-164C-4BD0-BCC1-90CAB6773B84}"
EndProject
Global
	GlobalSection(SolutionConfigurationPlatforms) = preSolution
		Debug|Any CPU = Debug|Any CPU
		Release|Any CPU = Release|Any CPU
	EndGlobalSection
	GlobalSection(ProjectConfigurationPlatforms) = postSolution
		{FAAC614F-164C-4BD0-BCC1-90CAB6773B84}.Debug|Any CPU.ActiveCfg = Debug|Any CPU
		{FAAC614F-164C-4BD0-BCC1-90CAB6773B84}.Debug|Any CPU.Build.0 = Debug|Any CPU
		{FAAC614F-164C-4BD0-BCC1-90CAB6773B84}.Release|Any CPU.ActiveCfg = Release|Any CPU
		{FAAC614F-164C-4BD0-BCC1-90CAB6773B84}.Release|Any CPU.Build.0 = Release|Any CPU
	EndGlobalSection
	GlobalSection(SolutionProperties) = preSolution
		HideSolutionNode = FALSE
	EndGlobalSection
	GlobalSection(ExtensibilityGlobals) = postSolution
		SolutionGuid = {58FF398E-442A-45B6-9F31-C8C8277F0E12}
	EndGlobalSection
EndGlobal
